
Microsoft Visual Studio Solution File, Format Version 12.00
# Visual Studio Version 17
VisualStudioVersion = 17.9.34902.65
MinimumVisualStudioVersion = 10.0.40219.1
Project("{9A19103F-16F7-4668-BE54-9A1E7A4F7556}") = "TaskManagementSystem.API", "TaskManagementSystem.API\TaskManagementSystem.API.csproj", "{49A453DB-3437-4719-AA45-4AF013944C83}"
	ProjectSection(ProjectDependencies) = postProject
		{1B08ACF3-3E13-4B21-82AF-400C90CF2D2E} = {1B08ACF3-3E13-4B21-82AF-400C90CF2D2E}
	EndProjectSection
EndProject
Project("{FAE04EC0-301F-11D3-BF4B-00C04F79EFBC}") = "TaskManagementSystem.Core", "TaskManagementSystem.Core\TaskManagementSystem.Core.csproj", "{9CFF959C-2DB8-45EE-ACC1-DC90CF89358D}"
EndProject
Project("{FAE04EC0-301F-11D3-BF4B-00C04F79EFBC}") = "TaskManagementSystem.Infrastructure", "TaskManagementSystem.Infrastructure\TaskManagementSystem.Infrastructure.csproj", "{1B08ACF3-3E13-4B21-82AF-400C90CF2D2E}"
	ProjectSection(ProjectDependencies) = postProject
		{9CFF959C-2DB8-45EE-ACC1-DC90CF89358D} = {9CFF959C-2DB8-45EE-ACC1-DC90CF89358D}
	EndProjectSection
EndProject
Global
	GlobalSection(SolutionConfigurationPlatforms) = preSolution
		Debug|Any CPU = Debug|Any CPU
		Release|Any CPU = Release|Any CPU
	EndGlobalSection
	GlobalSection(ProjectConfigurationPlatforms) = postSolution
		{49A453DB-3437-4719-AA45-4AF013944C83}.Debug|Any CPU.ActiveCfg = Debug|Any CPU
		{49A453DB-3437-4719-AA45-4AF013944C83}.Debug|Any CPU.Build.0 = Debug|Any CPU
		{49A453DB-3437-4719-AA45-4AF013944C83}.Release|Any CPU.ActiveCfg = Release|Any CPU
		{49A453DB-3437-4719-AA45-4AF013944C83}.Release|Any CPU.Build.0 = Release|Any CPU
		{9CFF959C-2DB8-45EE-ACC1-DC90CF89358D}.Debug|Any CPU.ActiveCfg = Debug|Any CPU
		{9CFF959C-2DB8-45EE-ACC1-DC90CF89358D}.Debug|Any CPU.Build.0 = Debug|Any CPU
		{9CFF959C-2DB8-45EE-ACC1-DC90CF89358D}.Release|Any CPU.ActiveCfg = Release|Any CPU
		{9CFF959C-2DB8-45EE-ACC1-DC90CF89358D}.Release|Any CPU.Build.0 = Release|Any CPU
		{1B08ACF3-3E13-4B21-82AF-400C90CF2D2E}.Debug|Any CPU.ActiveCfg = Debug|Any CPU
		{1B08ACF3-3E13-4B21-82AF-400C90CF2D2E}.Debug|Any CPU.Build.0 = Debug|Any CPU
		{1B08ACF3-3E13-4B21-82AF-400C90CF2D2E}.Release|Any CPU.ActiveCfg = Release|Any CPU
		{1B08ACF3-3E13-4B21-82AF-400C90CF2D2E}.Release|Any CPU.Build.0 = Release|Any CPU
	EndGlobalSection
	GlobalSection(SolutionProperties) = preSolution
		HideSolutionNode = FALSE
	EndGlobalSection
	GlobalSection(ExtensibilityGlobals) = postSolution
		SolutionGuid = {4DA827F1-67FC-46BB-89E9-021DD4418765}
	EndGlobalSection
EndGlobal
